// !$*UTF8*$!
{
	archiveVersion = 1;
	classes = {
	};
	objectVersion = 77;
	objects = {

/* Begin PBXBuildFile section */
		04D44AA03C7656423F25C930 /* QRCodeGenerator.swift in Sources */ = {isa = PBXBuildFile; fileRef = 46DDC2B7B783B3EBB2F49566 /* QRCodeGenerator.swift */; };
		0C5D9995141DE87B31DAD22B /* ProjectCard.swift in Sources */ = {isa = PBXBuildFile; fileRef = D3877CE86D2533EAF974470F /* ProjectCard.swift */; };
		14186F404FE60A45EB8F9E67 /* FittingDetailView.swift in Sources */ = {isa = PBXBuildFile; fileRef = 2DEA150AF2F4052191BE0E65 /* FittingDetailView.swift */; };
		1FA1D7032F2E2A41004387C3 /* WelcomeView.swift in Sources */ = {isa = PBXBuildFile; fileRef = 1FA1D7022F2E2A41004387C3 /* WelcomeView.swift */; };
		20C114725BBDB988B0255723 /* SpoolNamingService.swift in Sources */ = {isa = PBXBuildFile; fileRef = F3D10D37F57EC1580D510ABB /* SpoolNamingService.swift */; };
		241F4193027A8EA81FE9A6E0 /* Theme.swift in Sources */ = {isa = PBXBuildFile; fileRef = 5DDEE0049DF819C52DCB4D39 /* Theme.swift */; };
		2922EFD02FAC83291B218CA2 /* FittingType.swift in Sources */ = {isa = PBXBuildFile; fileRef = E85AFD77FF7C38EB76714F95 /* FittingType.swift */; };
		2F022B33A0CD463E861DB614 /* SpoolDetailView.swift in Sources */ = {isa = PBXBuildFile; fileRef = 6AE0974641B62ACC2AC3C898 /* SpoolDetailView.swift */; };
		36CAD9F460657D2902734B7A /* SystemType.swift in Sources */ = {isa = PBXBuildFile; fileRef = 0F4A692D1E3EC68C473FAD7A /* SystemType.swift */; };
		3CA284D331D993448D796849 /* PipeSpecificationSettingsView.swift in Sources */ = {isa = PBXBuildFile; fileRef = 1E2DD93FD994A02F77BDF28B /* PipeSpecificationSettingsView.swift */; };
		5E43312887D0172E0CAF6F93 /* IsometricRenderer.swift in Sources */ = {isa = PBXBuildFile; fileRef = 740163F9B3DEC579196571A0 /* IsometricRenderer.swift */; };
		5E955254DA9EBA4A9A1998CB /* WorkPackageSpoolsListView.swift in Sources */ = {isa = PBXBuildFile; fileRef = DAA99E57486426AF3CF785C1 /* WorkPackageSpoolsListView.swift */; };
		5F83119160B2E7F416FD92E0 /* ProjectDetailView.swift in Sources */ = {isa = PBXBuildFile; fileRef = 2A4221517E7237392A4AAC52 /* ProjectDetailView.swift */; };
		71A5C7206949140ABEF30C4E /* PipeDimensions.swift in Sources */ = {isa = PBXBuildFile; fileRef = 6DD51860B774D5EF3887CF70 /* PipeDimensions.swift */; };
		740F8BF13C2E50B4A5A1F02A /* UserProfile.swift in Sources */ = {isa = PBXBuildFile; fileRef = BC76B47ECD057EE1EE14B461 /* UserProfile.swift */; };
		7DC060AB732AE992F27BEA71 /* SpoolGridView.swift in Sources */ = {isa = PBXBuildFile; fileRef = 7918621D8A16729F2852D1A0 /* SpoolGridView.swift */; };
		82B5019F6E8883122EA8980C /* PipePoint.swift in Sources */ = {isa = PBXBuildFile; fileRef = F2B778C187CE1E0551E73958 /* PipePoint.swift */; };
		8664EB2DBFDB41357B8A1EC0 /* EditProjectSheet.swift in Sources */ = {isa = PBXBuildFile; fileRef = 2DCD8CAC27D6383C7F42C332 /* EditProjectSheet.swift */; };
		8876272DDB805F731F0A7B78 /* EditWorkPackageSheet.swift in Sources */ = {isa = PBXBuildFile; fileRef = 9EC53490922E0944366D884F /* EditWorkPackageSheet.swift */; };
		887C277C135B2037707E7C60 /* SpoolPrintableView.swift in Sources */ = {isa = PBXBuildFile; fileRef = 116D971E8874C19BD4A8F276 /* SpoolPrintableView.swift */; };
		98AF53B2A1343BE8052D231B /* ProjectListView.swift in Sources */ = {isa = PBXBuildFile; fileRef = A2A2E21BE0A21686219BEB35 /* ProjectListView.swift */; };
		9A1B2C3D4E5F6A7B8C9D0E1F /* OletType.swift in Sources */ = {isa = PBXBuildFile; fileRef = A1B2C3D4E5F6A7B8C9D0E1F2 /* OletType.swift */; };
		A69200E72021A8BC4B6A88FD /* IsometricFittingShapes.swift in Sources */ = {isa = PBXBuildFile; fileRef = CCC20D7211B5CA38754C5E60 /* IsometricFittingShapes.swift */; };
		A964EBC85587FC7F4E0CFB72 /* CustomDimensionOverride.swift in Sources */ = {isa = PBXBuildFile; fileRef = 5D24D70145D0C21EC51DD1B3 /* CustomDimensionOverride.swift */; };
		B5F87117E37D5A3A0A25BDA3 /* Color+Hex.swift in Sources */ = {isa = PBXBuildFile; fileRef = A4F736FF3C3A80AEF194CA40 /* Color+Hex.swift */; };
		B717512924D365AEBBA7E9CE /* BrandingView.swift in Sources */ = {isa = PBXBuildFile; fileRef = 45672E636489F60BB1C0C09E /* BrandingView.swift */; };
		BE33066747CDD058AAFFE2DB /* Assets.xcassets in Resources */ = {isa = PBXBuildFile; fileRef = C3C77DA37700695C373B1804 /* Assets.xcassets */; };
		C1D0E13910B7B684EA3F7EBE /* PipeSegmentDetailView.swift in Sources */ = {isa = PBXBuildFile; fileRef = D3A2D0F5BB0CE8612CF95AE6 /* PipeSegmentDetailView.swift */; };
		CF675FB12246AC1AF25B8DD0 /* SpoolCard.swift in Sources */ = {isa = PBXBuildFile; fileRef = DC66C9F3BFC3B3C72A4788FF /* SpoolCard.swift */; };
		D27FCF65705EFFBA4BFCAC3A /* FittingDimensions.swift in Sources */ = {isa = PBXBuildFile; fileRef = 0F69EA12331C6F9AACF05874 /* FittingDimensions.swift */; };
		D2893241643243B89E188E03 /* CreateProjectSheet.swift in Sources */ = {isa = PBXBuildFile; fileRef = EDF44C4F02ACF35D1AB33939 /* CreateProjectSheet.swift */; };
		D2B6C5051101173AA539C766 /* ContentView.swift in Sources */ = {isa = PBXBuildFile; fileRef = 40099A395477B4CA2BD9735B /* ContentView.swift */; };
		D46E16AB90883C4D6AD5E9B2 /* ProjectDetailViewEnhanced.swift in Sources */ = {isa = PBXBuildFile; fileRef = A0757011735BD891B67A5035 /* ProjectDetailViewEnhanced.swift */; };
		D59EF6D6B401B4EF167DDDC2 /* SpecificationManager.swift in Sources */ = {isa = PBXBuildFile; fileRef = BBF328A207B3B76E33D74BA5 /* SpecificationManager.swift */; };
		D913E0DBD8E0AF7D508CEFD2 /* WorkPackage.swift in Sources */ = {isa = PBXBuildFile; fileRef = 7CD9BB71DCF40203E943C497 /* WorkPackage.swift */; };
		DB0BAA989A2933BC83BBF267 /* FlangeDimensions.swift in Sources */ = {isa = PBXBuildFile; fileRef = 99B0128121DF907EF9DEB0F6 /* FlangeDimensions.swift */; };
		DB7218C55A395D77C4F0BE76 /* PipeSpecification.swift in Sources */ = {isa = PBXBuildFile; fileRef = 2CCC83DDF45EDD76F07A08FF /* PipeSpecification.swift */; };
		DC3638EAEB3D79B6AE824602 /* ThumbnailGenerator.swift in Sources */ = {isa = PBXBuildFile; fileRef = 5A376D9BCD8E2E9B6F33BCF0 /* ThumbnailGenerator.swift */; };
		E2ED6F0CE111E55CCD7FE9D9 /* DataController.swift in Sources */ = {isa = PBXBuildFile; fileRef = 1D546CA25F9636DCCE77DB4B /* DataController.swift */; };
		E3CDBCA508661048A0378646 /* Project.swift in Sources */ = {isa = PBXBuildFile; fileRef = 3A812DA4B804B29E9559AACC /* Project.swift */; };
		EFE59758329E48306899D788 /* WorkPackageDetailView.swift in Sources */ = {isa = PBXBuildFile; fileRef = 5655A49ECA957C876ECF769D /* WorkPackageDetailView.swift */; };
		F1CA603446C4AF655A00B8F0 /* Spool.swift in Sources */ = {isa = PBXBuildFile; fileRef = AC35FD89AC04862388F4C516 /* Spool.swift */; };
		F24429BBC7CD91967D2E50EB /* WorkPackageCard.swift in Sources */ = {isa = PBXBuildFile; fileRef = B2F326729D72EFC359D78489 /* WorkPackageCard.swift */; };
		F6C8BF76FF97B432A87C2C49 /* PipeSize.swift in Sources */ = {isa = PBXBuildFile; fileRef = 9E43D2A8219977112B3D08CB /* PipeSize.swift */; };
		F93689ABEE272D6F3E26664B /* PipeFabARApp.swift in Sources */ = {isa = PBXBuildFile; fileRef = 86CF9CDF20B4EA15971A3242 /* PipeFabARApp.swift */; };
		FBD001B58CB78E8607AF414A /* ValveDimensions.swift in Sources */ = {isa = PBXBuildFile; fileRef = 58016E1B5D944F473E9A9912 /* ValveDimensions.swift */; };
		A2B3C4D5E6F7A8B9C0D1E2F3 /* WeldbendCatalog.swift in Sources */ = {isa = PBXBuildFile; fileRef = B1C2D3E4F5A6B7C8D9E0F1A2 /* WeldbendCatalog.swift */; };
/* End PBXBuildFile section */

/* Begin PBXFileReference section */
		0F4A692D1E3EC68C473FAD7A /* SystemType.swift */ = {isa = PBXFileReference; includeInIndex = 1; lastKnownFileType = sourcecode.swift; path = SystemType.swift; sourceTree = "<group>"; };
		0F69EA12331C6F9AACF05874 /* FittingDimensions.swift */ = {isa = PBXFileReference; includeInIndex = 1; lastKnownFileType = sourcecode.swift; name = FittingDimensions.swift; path = PipeFabAR/Models/FittingDimensions.swift; sourceTree = "<group>"; };
		100 /* PipeFabAR.app */ = {isa = PBXFileReference; explicitFileType = wrapper.application; includeInIndex = 0; path = PipeFabAR.app; sourceTree = BUILT_PRODUCTS_DIR; };
		116D971E8874C19BD4A8F276 /* SpoolPrintableView.swift */ = {isa = PBXFileReference; includeInIndex = 1; lastKnownFileType = sourcecode.swift; path = SpoolPrintableView.swift; sourceTree = "<group>"; };
		13BE4BD601FFBA1C2FE64F54 /* Info.plist */ = {isa = PBXFileReference; includeInIndex = 1; lastKnownFileType = text.plist.xml; path = Info.plist; sourceTree = "<group>"; };
		1D546CA25F9636DCCE77DB4B /* DataController.swift */ = {isa = PBXFileReference; includeInIndex = 1; lastKnownFileType = sourcecode.swift; path = DataController.swift; sourceTree = "<group>"; };
		1E2DD93FD994A02F77BDF28B /* PipeSpecificationSettingsView.swift */ = {isa = PBXFileReference; includeInIndex = 1; lastKnownFileType = sourcecode.swift; path = PipeSpecificationSettingsView.swift; sourceTree = "<group>"; };
		1FA1D7022F2E2A41004387C3 /* WelcomeView.swift */ = {isa = PBXFileReference; lastKnownFileType = sourcecode.swift; path = WelcomeView.swift; sourceTree = "<group>"; };
		2A4221517E7237392A4AAC52 /* ProjectDetailView.swift */ = {isa = PBXFileReference; includeInIndex = 1; lastKnownFileType = sourcecode.swift; path = ProjectDetailView.swift; sourceTree = "<group>"; };
		2CCC83DDF45EDD76F07A08FF /* PipeSpecification.swift */ = {isa = PBXFileReference; includeInIndex = 1; lastKnownFileType = sourcecode.swift; path = PipeSpecification.swift; sourceTree = "<group>"; };
		2DCD8CAC27D6383C7F42C332 /* EditProjectSheet.swift */ = {isa = PBXFileReference; includeInIndex = 1; lastKnownFileType = sourcecode.swift; path = EditProjectSheet.swift; sourceTree = "<group>"; };
		2DEA150AF2F4052191BE0E65 /* FittingDetailView.swift */ = {isa = PBXFileReference; includeInIndex = 1; lastKnownFileType = sourcecode.swift; name = FittingDetailView.swift; path = PipeFabAR/Views/Components/FittingDetailView.swift; sourceTree = "<group>"; };
		3A812DA4B804B29E9559AACC /* Project.swift */ = {isa = PBXFileReference; includeInIndex = 1; lastKnownFileType = sourcecode.swift; path = Project.swift; sourceTree = "<group>"; };
		40099A395477B4CA2BD9735B /* ContentView.swift */ = {isa = PBXFileReference; includeInIndex = 1; lastKnownFileType = sourcecode.swift; path = ContentView.swift; sourceTree = "<group>"; };
		45672E636489F60BB1C0C09E /* BrandingView.swift */ = {isa = PBXFileReference; includeInIndex = 1; lastKnownFileType = sourcecode.swift; path = BrandingView.swift; sourceTree = "<group>"; };
		46DDC2B7B783B3EBB2F49566 /* QRCodeGenerator.swift */ = {isa = PBXFileReference; includeInIndex = 1; lastKnownFileType = sourcecode.swift; path = QRCodeGenerator.swift; sourceTree = "<group>"; };
		5655A49ECA957C876ECF769D /* WorkPackageDetailView.swift */ = {isa = PBXFileReference; includeInIndex = 1; lastKnownFileType = sourcecode.swift; path = WorkPackageDetailView.swift; sourceTree = "<group>"; };
		58016E1B5D944F473E9A9912 /* ValveDimensions.swift */ = {isa = PBXFileReference; includeInIndex = 1; lastKnownFileType = sourcecode.swift; name = ValveDimensions.swift; path = PipeFabAR/Models/ValveDimensions.swift; sourceTree = "<group>"; };
		5A376D9BCD8E2E9B6F33BCF0 /* ThumbnailGenerator.swift */ = {isa = PBXFileReference; includeInIndex = 1; lastKnownFileType = sourcecode.swift; path = ThumbnailGenerator.swift; sourceTree = "<group>"; };
		5D24D70145D0C21EC51DD1B3 /* CustomDimensionOverride.swift */ = {isa = PBXFileReference; includeInIndex = 1; lastKnownFileType = sourcecode.swift; name = CustomDimensionOverride.swift; path = PipeFabAR/Models/CustomDimensionOverride.swift; sourceTree = "<group>"; };
		5DDEE0049DF819C52DCB4D39 /* Theme.swift */ = {isa = PBXFileReference; includeInIndex = 1; lastKnownFileType = sourcecode.swift; path = Theme.swift; sourceTree = "<group>"; };
		6AE0974641B62ACC2AC3C898 /* SpoolDetailView.swift */ = {isa = PBXFileReference; includeInIndex = 1; lastKnownFileType = sourcecode.swift; path = SpoolDetailView.swift; sourceTree = "<group>"; };
		6DD51860B774D5EF3887CF70 /* PipeDimensions.swift */ = {isa = PBXFileReference; includeInIndex = 1; lastKnownFileType = sourcecode.swift; name = PipeDimensions.swift; path = PipeFabAR/Models/PipeDimensions.swift; sourceTree = "<group>"; };
		740163F9B3DEC579196571A0 /* IsometricRenderer.swift */ = {isa = PBXFileReference; includeInIndex = 1; lastKnownFileType = sourcecode.swift; name = IsometricRenderer.swift; path = PipeFabAR/Utilities/IsometricRenderer.swift; sourceTree = "<group>"; };
		7918621D8A16729F2852D1A0 /* SpoolGridView.swift */ = {isa = PBXFileReference; includeInIndex = 1; lastKnownFileType = sourcecode.swift; path = SpoolGridView.swift; sourceTree = "<group>"; };
		7CD9BB71DCF40203E943C497 /* WorkPackage.swift */ = {isa = PBXFileReference; includeInIndex = 1; lastKnownFileType = sourcecode.swift; path = WorkPackage.swift; sourceTree = "<group>"; };
		86CF9CDF20B4EA15971A3242 /* PipeFabARApp.swift */ = {isa = PBXFileReference; includeInIndex = 1; lastKnownFileType = sourcecode.swift; path = PipeFabARApp.swift; sourceTree = "<group>"; };
		99B0128121DF907EF9DEB0F6 /* FlangeDimensions.swift */ = {isa = PBXFileReference; includeInIndex = 1; lastKnownFileType = sourcecode.swift; name = FlangeDimensions.swift; path = PipeFabAR/Models/FlangeDimensions.swift; sourceTree = "<group>"; };
		9E43D2A8219977112B3D08CB /* PipeSize.swift */ = {isa = PBXFileReference; includeInIndex = 1; lastKnownFileType = sourcecode.swift; path = PipeSize.swift; sourceTree = "<group>"; };
		9EC53490922E0944366D884F /* EditWorkPackageSheet.swift */ = {isa = PBXFileReference; includeInIndex = 1; lastKnownFileType = sourcecode.swift; path = EditWorkPackageSheet.swift; sourceTree = "<group>"; };
		A0757011735BD891B67A5035 /* ProjectDetailViewEnhanced.swift */ = {isa = PBXFileReference; includeInIndex = 1; lastKnownFileType = sourcecode.swift; path = ProjectDetailViewEnhanced.swift; sourceTree = "<group>"; };
		A1B2C3D4E5F6A7B8C9D0E1F2 /* OletType.swift */ = {isa = PBXFileReference; includeInIndex = 1; lastKnownFileType = sourcecode.swift; path = OletType.swift; sourceTree = "<group>"; };
		A2A2E21BE0A21686219BEB35 /* ProjectListView.swift */ = {isa = PBXFileReference; includeInIndex = 1; lastKnownFileType = sourcecode.swift; path = ProjectListView.swift; sourceTree = "<group>"; };
		A4F736FF3C3A80AEF194CA40 /* Color+Hex.swift */ = {isa = PBXFileReference; includeInIndex = 1; lastKnownFileType = sourcecode.swift; path = "Color+Hex.swift"; sourceTree = "<group>"; };
		AC35FD89AC04862388F4C516 /* Spool.swift */ = {isa = PBXFileReference; includeInIndex = 1; lastKnownFileType = sourcecode.swift; path = Spool.swift; sourceTree = "<group>"; };
		B2F326729D72EFC359D78489 /* WorkPackageCard.swift */ = {isa = PBXFileReference; includeInIndex = 1; lastKnownFileType = sourcecode.swift; path = WorkPackageCard.swift; sourceTree = "<group>"; };
		BBF328A207B3B76E33D74BA5 /* SpecificationManager.swift */ = {isa = PBXFileReference; includeInIndex = 1; lastKnownFileType = sourcecode.swift; path = SpecificationManager.swift; sourceTree = "<group>"; };
		BC76B47ECD057EE1EE14B461 /* UserProfile.swift */ = {isa = PBXFileReference; includeInIndex = 1; lastKnownFileType = sourcecode.swift; path = UserProfile.swift; sourceTree = "<group>"; };
		C3C77DA37700695C373B1804 /* Assets.xcassets */ = {isa = PBXFileReference; includeInIndex = 1; lastKnownFileType = folder.assetcatalog; path = Assets.xcassets; sourceTree = "<group>"; };
		CCC20D7211B5CA38754C5E60 /* IsometricFittingShapes.swift */ = {isa = PBXFileReference; includeInIndex = 1; lastKnownFileType = sourcecode.swift; name = IsometricFittingShapes.swift; path = PipeFabAR/Views/Components/IsometricFittingShapes.swift; sourceTree = "<group>"; };
		D3877CE86D2533EAF974470F /* ProjectCard.swift */ = {isa = PBXFileReference; includeInIndex = 1; lastKnownFileType = sourcecode.swift; path = ProjectCard.swift; sourceTree = "<group>"; };
		D3A2D0F5BB0CE8612CF95AE6 /* PipeSegmentDetailView.swift */ = {isa = PBXFileReference; includeInIndex = 1; lastKnownFileType = sourcecode.swift; name = PipeSegmentDetailView.swift; path = PipeFabAR/Views/Components/PipeSegmentDetailView.swift; sourceTree = "<group>"; };
		DAA99E57486426AF3CF785C1 /* WorkPackageSpoolsListView.swift */ = {isa = PBXFileReference; includeInIndex = 1; lastKnownFileType = sourcecode.swift; path = WorkPackageSpoolsListView.swift; sourceTree = "<group>"; };
		DC66C9F3BFC3B3C72A4788FF /* SpoolCard.swift */ = {isa = PBXFileReference; includeInIndex = 1; lastKnownFileType = sourcecode.swift; path = SpoolCard.swift; sourceTree = "<group>"; };
		E85AFD77FF7C38EB76714F95 /* FittingType.swift */ = {isa = PBXFileReference; includeInIndex = 1; lastKnownFileType = sourcecode.swift; path = FittingType.swift; sourceTree = "<group>"; };
		EDF44C4F02ACF35D1AB33939 /* CreateProjectSheet.swift */ = {isa = PBXFileReference; includeInIndex = 1; lastKnownFileType = sourcecode.swift; path = CreateProjectSheet.swift; sourceTree = "<group>"; };
		F2B778C187CE1E0551E73958 /* PipePoint.swift */ = {isa = PBXFileReference; includeInIndex = 1; lastKnownFileType = sourcecode.swift; path = PipePoint.swift; sourceTree = "<group>"; };
		F3D10D37F57EC1580D510ABB /* SpoolNamingService.swift */ = {isa = PBXFileReference; includeInIndex = 1; lastKnownFileType = sourcecode.swift; path = SpoolNamingService.swift; sourceTree = "<group>"; };
		B1C2D3E4F5A6B7C8D9E0F1A2 /* WeldbendCatalog.swift */ = {isa = PBXFileReference; includeInIndex = 1; lastKnownFileType = sourcecode.swift; path = WeldbendCatalog.swift; sourceTree = "<group>"; };
/* End PBXFileReference section */

/* Begin PBXFrameworksBuildPhase section */
		200 /* Frameworks */ = {
			isa = PBXFrameworksBuildPhase;
			buildActionMask = 2147483647;
			files = (
			);
			runOnlyForDeploymentPostprocessing = 0;
		};
/* End PBXFrameworksBuildPhase section */

/* Begin PBXGroup section */
		300 = {
			isa = PBXGroup;
			children = (
				1FA1D7022F2E2A41004387C3 /* WelcomeView.swift */,
				301 /* PipeFabAR */,
				302 /* Products */,
				6DD51860B774D5EF3887CF70 /* PipeDimensions.swift */,
				0F69EA12331C6F9AACF05874 /* FittingDimensions.swift */,
				99B0128121DF907EF9DEB0F6 /* FlangeDimensions.swift */,
				58016E1B5D944F473E9A9912 /* ValveDimensions.swift */,
				5D24D70145D0C21EC51DD1B3 /* CustomDimensionOverride.swift */,
				740163F9B3DEC579196571A0 /* IsometricRenderer.swift */,
				CCC20D7211B5CA38754C5E60 /* IsometricFittingShapes.swift */,
				2DEA150AF2F4052191BE0E65 /* FittingDetailView.swift */,
				D3A2D0F5BB0CE8612CF95AE6 /* PipeSegmentDetailView.swift */,
			);
			sourceTree = "<group>";
		};
		301 /* PipeFabAR */ = {
			isa = PBXGroup;
			children = (
				800 /* Models */,
				801 /* Services */,
				802 /* Views */,
				803 /* Utilities */,
				3635DE9DE4BD6D19CEF158D0 /* Managers */,
				40099A395477B4CA2BD9735B /* ContentView.swift */,
				86CF9CDF20B4EA15971A3242 /* PipeFabARApp.swift */,
				C3C77DA37700695C373B1804 /* Assets.xcassets */,
				13BE4BD601FFBA1C2FE64F54 /* Info.plist */,
			);
			path = PipeFabAR;
			sourceTree = "<group>";
		};
		302 /* Products */ = {
			isa = PBXGroup;
			children = (
				100 /* PipeFabAR.app */,
			);
			name = Products;
			sourceTree = "<group>";
		};
		3635DE9DE4BD6D19CEF158D0 /* Managers */ = {
			isa = PBXGroup;
			children = (
				BBF328A207B3B76E33D74BA5 /* SpecificationManager.swift */,
			);
			path = Managers;
			sourceTree = "<group>";
		};
		63FB39D26AC253C355F45544 /* Settings */ = {
			isa = PBXGroup;
			children = (
				1E2DD93FD994A02F77BDF28B /* PipeSpecificationSettingsView.swift */,
			);
			path = Settings;
			sourceTree = "<group>";
		};
		800 /* Models */ = {
			isa = PBXGroup;
			children = (
				E85AFD77FF7C38EB76714F95 /* FittingType.swift */,
				A1B2C3D4E5F6A7B8C9D0E1F2 /* OletType.swift */,
				F2B778C187CE1E0551E73958 /* PipePoint.swift */,
				9E43D2A8219977112B3D08CB /* PipeSize.swift */,
				2CCC83DDF45EDD76F07A08FF /* PipeSpecification.swift */,
				3A812DA4B804B29E9559AACC /* Project.swift */,
				AC35FD89AC04862388F4C516 /* Spool.swift */,
				0F4A692D1E3EC68C473FAD7A /* SystemType.swift */,
				BC76B47ECD057EE1EE14B461 /* UserProfile.swift */,
				7CD9BB71DCF40203E943C497 /* WorkPackage.swift */,
				B1C2D3E4F5A6B7C8D9E0F1A2 /* WeldbendCatalog.swift */,
			);
			path = Models;
			sourceTree = "<group>";
		};
		801 /* Services */ = {
			isa = PBXGroup;
			children = (
				1D546CA25F9636DCCE77DB4B /* DataController.swift */,
				F3D10D37F57EC1580D510ABB /* SpoolNamingService.swift */,
			);
			path = Services;
			sourceTree = "<group>";
		};
		802 /* Views */ = {
			isa = PBXGroup;
			children = (
				804 /* Projects */,
				805 /* Spools */,
				806 /* WorkPackages */,
				63FB39D26AC253C355F45544 /* Settings */,
				FE21165AFE9A80F6FC50E96A /* Components */,
			);
			path = Views;
			sourceTree = "<group>";
		};
		803 /* Utilities */ = {
			isa = PBXGroup;
			children = (
				850 /* Extensions */,
				5DDEE0049DF819C52DCB4D39 /* Theme.swift */,
				46DDC2B7B783B3EBB2F49566 /* QRCodeGenerator.swift */,
				5A376D9BCD8E2E9B6F33BCF0 /* ThumbnailGenerator.swift */,
			);
			path = Utilities;
			sourceTree = "<group>";
		};
		804 /* Projects */ = {
			isa = PBXGroup;
			children = (
				EDF44C4F02ACF35D1AB33939 /* CreateProjectSheet.swift */,
				2DCD8CAC27D6383C7F42C332 /* EditProjectSheet.swift */,
				D3877CE86D2533EAF974470F /* ProjectCard.swift */,
				2A4221517E7237392A4AAC52 /* ProjectDetailView.swift */,
				A0757011735BD891B67A5035 /* ProjectDetailViewEnhanced.swift */,
				A2A2E21BE0A21686219BEB35 /* ProjectListView.swift */,
			);
			path = Projects;
			sourceTree = "<group>";
		};
		805 /* Spools */ = {
			isa = PBXGroup;
			children = (
				DC66C9F3BFC3B3C72A4788FF /* SpoolCard.swift */,
				6AE0974641B62ACC2AC3C898 /* SpoolDetailView.swift */,
				7918621D8A16729F2852D1A0 /* SpoolGridView.swift */,
				116D971E8874C19BD4A8F276 /* SpoolPrintableView.swift */,
			);
			path = Spools;
			sourceTree = "<group>";
		};
		806 /* WorkPackages */ = {
			isa = PBXGroup;
			children = (
				9EC53490922E0944366D884F /* EditWorkPackageSheet.swift */,
				B2F326729D72EFC359D78489 /* WorkPackageCard.swift */,
				5655A49ECA957C876ECF769D /* WorkPackageDetailView.swift */,
				DAA99E57486426AF3CF785C1 /* WorkPackageSpoolsListView.swift */,
			);
			path = WorkPackages;
			sourceTree = "<group>";
		};
		850 /* Extensions */ = {
			isa = PBXGroup;
			children = (
				A4F736FF3C3A80AEF194CA40 /* Color+Hex.swift */,
			);
			path = Extensions;
			sourceTree = "<group>";
		};
		FE21165AFE9A80F6FC50E96A /* Components */ = {
			isa = PBXGroup;
			children = (
				45672E636489F60BB1C0C09E /* BrandingView.swift */,
			);
			path = Components;
			sourceTree = "<group>";
		};
/* End PBXGroup section */

/* Begin PBXNativeTarget section */
		400 /* PipeFabAR */ = {
			isa = PBXNativeTarget;
			buildConfigurationList = 600 /* Build configuration list for PBXNativeTarget "PipeFabAR" */;
			buildPhases = (
				200 /* Frameworks */,
				500 /* Resources */,
				700 /* Sources */,
			);
			buildRules = (
			);
			dependencies = (
			);
			name = PipeFabAR;
			productName = PipeFabAR;
			productReference = 100 /* PipeFabAR.app */;
			productType = "com.apple.product-type.application";
		};
/* End PBXNativeTarget section */

/* Begin PBXProject section */
		1 /* Project object */ = {
			isa = PBXProject;
			attributes = {
				BuildIndependentTargetsInParallel = 1;
				LastSwiftUpdateCheck = 1540;
				LastUpgradeCheck = 1540;
				TargetAttributes = {
					400 = {
						CreatedOnToolsVersion = 15.4;
					};
				};
			};
			buildConfigurationList = 601 /* Build configuration list for PBXProject "PipeFabAR" */;
			developmentRegion = en;
			hasScannedForEncodings = 0;
			knownRegions = (
				en,
				Base,
			);
			mainGroup = 300;
			minimizedProjectReferenceProxies = 1;
			preferredProjectObjectVersion = 77;
			productRefGroup = 302 /* Products */;
			projectDirPath = "";
			projectRoot = "";
			targets = (
				400 /* PipeFabAR */,
			);
		};
/* End PBXProject section */

/* Begin PBXResourcesBuildPhase section */
		500 /* Resources */ = {
			isa = PBXResourcesBuildPhase;
			buildActionMask = 2147483647;
			files = (
				BE33066747CDD058AAFFE2DB /* Assets.xcassets in Resources */,
			);
			runOnlyForDeploymentPostprocessing = 0;
		};
/* End PBXResourcesBuildPhase section */

/* Begin PBXSourcesBuildPhase section */
		700 /* Sources */ = {
			isa = PBXSourcesBuildPhase;
			buildActionMask = 2147483647;
			files = (
				241F4193027A8EA81FE9A6E0 /* Theme.swift in Sources */,
				04D44AA03C7656423F25C930 /* QRCodeGenerator.swift in Sources */,
				B717512924D365AEBBA7E9CE /* BrandingView.swift in Sources */,
				D2B6C5051101173AA539C766 /* ContentView.swift in Sources */,
				D59EF6D6B401B4EF167DDDC2 /* SpecificationManager.swift in Sources */,
				2922EFD02FAC83291B218CA2 /* FittingType.swift in Sources */,
				9A1B2C3D4E5F6A7B8C9D0E1F /* OletType.swift in Sources */,
				82B5019F6E8883122EA8980C /* PipePoint.swift in Sources */,
				F6C8BF76FF97B432A87C2C49 /* PipeSize.swift in Sources */,
				DB7218C55A395D77C4F0BE76 /* PipeSpecification.swift in Sources */,
				E3CDBCA508661048A0378646 /* Project.swift in Sources */,
				F1CA603446C4AF655A00B8F0 /* Spool.swift in Sources */,
				36CAD9F460657D2902734B7A /* SystemType.swift in Sources */,
				740F8BF13C2E50B4A5A1F02A /* UserProfile.swift in Sources */,
				D913E0DBD8E0AF7D508CEFD2 /* WorkPackage.swift in Sources */,
				F93689ABEE272D6F3E26664B /* PipeFabARApp.swift in Sources */,
				E2ED6F0CE111E55CCD7FE9D9 /* DataController.swift in Sources */,
				20C114725BBDB988B0255723 /* SpoolNamingService.swift in Sources */,
				B5F87117E37D5A3A0A25BDA3 /* Color+Hex.swift in Sources */,
				DC3638EAEB3D79B6AE824602 /* ThumbnailGenerator.swift in Sources */,
				D2893241643243B89E188E03 /* CreateProjectSheet.swift in Sources */,
				1FA1D7032F2E2A41004387C3 /* WelcomeView.swift in Sources */,
				8664EB2DBFDB41357B8A1EC0 /* EditProjectSheet.swift in Sources */,
				0C5D9995141DE87B31DAD22B /* ProjectCard.swift in Sources */,
				5F83119160B2E7F416FD92E0 /* ProjectDetailView.swift in Sources */,
				D46E16AB90883C4D6AD5E9B2 /* ProjectDetailViewEnhanced.swift in Sources */,
				98AF53B2A1343BE8052D231B /* ProjectListView.swift in Sources */,
				3CA284D331D993448D796849 /* PipeSpecificationSettingsView.swift in Sources */,
				CF675FB12246AC1AF25B8DD0 /* SpoolCard.swift in Sources */,
				2F022B33A0CD463E861DB614 /* SpoolDetailView.swift in Sources */,
				7DC060AB732AE992F27BEA71 /* SpoolGridView.swift in Sources */,
				887C277C135B2037707E7C60 /* SpoolPrintableView.swift in Sources */,
				8876272DDB805F731F0A7B78 /* EditWorkPackageSheet.swift in Sources */,
				F24429BBC7CD91967D2E50EB /* WorkPackageCard.swift in Sources */,
				EFE59758329E48306899D788 /* WorkPackageDetailView.swift in Sources */,
				5E955254DA9EBA4A9A1998CB /* WorkPackageSpoolsListView.swift in Sources */,
				71A5C7206949140ABEF30C4E /* PipeDimensions.swift in Sources */,
				D27FCF65705EFFBA4BFCAC3A /* FittingDimensions.swift in Sources */,
				DB0BAA989A2933BC83BBF267 /* FlangeDimensions.swift in Sources */,
				FBD001B58CB78E8607AF414A /* ValveDimensions.swift in Sources */,
				A964EBC85587FC7F4E0CFB72 /* CustomDimensionOverride.swift in Sources */,
				5E43312887D0172E0CAF6F93 /* IsometricRenderer.swift in Sources */,
				A69200E72021A8BC4B6A88FD /* IsometricFittingShapes.swift in Sources */,
				14186F404FE60A45EB8F9E67 /* FittingDetailView.swift in Sources */,
				C1D0E13910B7B684EA3F7EBE /* PipeSegmentDetailView.swift in Sources */,
				A2B3C4D5E6F7A8B9C0D1E2F3 /* WeldbendCatalog.swift in Sources */,
			);
			runOnlyForDeploymentPostprocessing = 0;
		};
/* End PBXSourcesBuildPhase section */

/* Begin XCBuildConfiguration section */
		602 /* Debug */ = {
			isa = XCBuildConfiguration;
			buildSettings = {
				ALWAYS_SEARCH_USER_PATHS = NO;
				ASSETCATALOG_COMPILER_APPICON_NAME = AppIcon;
				ASSETCATALOG_COMPILER_GLOBAL_ACCENT_COLOR_NAME = AccentColor;
				CLANG_ANALYZER_NONNULL = YES;
				CLANG_ANALYZER_NUMBER_OBJECT_CONVERSION = YES_AGGRESSIVE;
				CLANG_CXX_LANGUAGE_STANDARD = "gnu++20";
				CLANG_ENABLE_MODULES = YES;
				CLANG_ENABLE_OBJC_ARC = YES;
				CLANG_ENABLE_OBJC_WEAK = YES;
				CLANG_WARN_BLOCK_CAPTURE_AUTORELEASING = YES;
				CLANG_WARN_BOOL_CONVERSION = YES;
				CLANG_WARN_COMMA = YES;
				CLANG_WARN_CONSTANT_CONVERSION = YES;
				CLANG_WARN_DEPRECATED_OBJC_IMPLEMENTATIONS = YES;
				CLANG_WARN_DIRECT_OBJC_ISA_USAGE = YES_ERROR;
				CLANG_WARN_DOCUMENTATION_COMMENTS = YES;
				CLANG_WARN_EMPTY_BODY = YES;
				CLANG_WARN_ENUM_CONVERSION = YES;
				CLANG_WARN_INFINITE_RECURSION = YES;
				CLANG_WARN_INT_CONVERSION = YES;
				CLANG_WARN_NON_LITERAL_NULL_CONVERSION = YES;
				CLANG_WARN_OBJC_IMPLICIT_RETAIN_SELF = YES;
				CLANG_WARN_OBJC_LITERAL_CONVERSION = YES;
				CLANG_WARN_OBJC_ROOT_CLASS = YES_ERROR;
				CLANG_WARN_QUOTED_INCLUDE_IN_FRAMEWORK_HEADER = YES;
				CLANG_WARN_RANGE_LOOP_ANALYSIS = YES;
				CLANG_WARN_STRICT_PROTOTYPES = YES;
				CLANG_WARN_SUSPICIOUS_MOVE = YES;
				CLANG_WARN_UNGUARDED_AVAILABILITY = YES_AGGRESSIVE;
				CLANG_WARN_UNREACHABLE_CODE = YES;
				CLANG_WARN__DUPLICATE_METHOD_MATCH = YES;
				CODE_SIGN_STYLE = Automatic;
				COPY_PHASE_STRIP = NO;
				CURRENT_PROJECT_VERSION = 2;
				DEBUG_INFORMATION_FORMAT = dwarf;
				DEVELOPMENT_TEAM = JVQ9659L8L;
				ENABLE_STRICT_OBJC_MSGSEND = YES;
				ENABLE_TESTABILITY = YES;
				ENABLE_USER_SCRIPT_SANDBOXING = YES;
				GCC_C_LANGUAGE_STANDARD = gnu17;
				GCC_DYNAMIC_NO_PIC = NO;
				GCC_NO_COMMON_BLOCKS = YES;
				GCC_OPTIMIZATION_LEVEL = 0;
				GCC_PREPROCESSOR_DEFINITIONS = (
					"DEBUG=1",
					"$(inherited)",
				);
				GCC_WARN_64_TO_32_BIT_CONVERSION = YES;
				GCC_WARN_ABOUT_RETURN_TYPE = YES_ERROR;
				GCC_WARN_UNDECLARED_SELECTOR = YES;
				GCC_WARN_UNINITIALIZED_AUTOS = YES_AGGRESSIVE;
				GCC_WARN_UNUSED_FUNCTION = YES;
				GCC_WARN_UNUSED_VARIABLE = YES;
				GENERATE_INFOPLIST_FILE = YES;
				INFOPLIST_FILE = PipeFabAR/Info.plist;
				INFOPLIST_KEY_CFBundleDisplayName = "PipeFab AR";
				INFOPLIST_KEY_LSApplicationCategoryType = "public.app-category.business";
				INFOPLIST_KEY_NSCameraUsageDescription = "This app uses AR to visualize pipe routing in 3D space.";
				INFOPLIST_KEY_UIApplicationSupportsIndirectInputEvents = YES;
				INFOPLIST_KEY_UIRequiredDeviceCapabilities = armv7;
				INFOPLIST_KEY_UIRequiresFullScreen = YES;
				INFOPLIST_KEY_UISupportedInterfaceOrientations = "UIInterfaceOrientationPortrait UIInterfaceOrientationLandscapeLeft UIInterfaceOrientationLandscapeRight";
				INFOPLIST_KEY_UISupportedInterfaceOrientations_iPad = "UIInterfaceOrientationPortrait UIInterfaceOrientationPortraitUpsideDown UIInterfaceOrientationLandscapeLeft UIInterfaceOrientationLandscapeRight";
				IPHONEOS_DEPLOYMENT_TARGET = 17.0;
				LD_RUNPATH_SEARCH_PATHS = (
					"$(inherited)",
					"@executable_path/Frameworks",
				);
				LOCALIZATION_PREFERS_STRING_CATALOGS = YES;
				MARKETING_VERSION = 1.1;
				MTL_ENABLE_DEBUG_INFO = INCLUDE_SOURCE;
				MTL_FAST_MATH = YES;
				ONLY_ACTIVE_ARCH = YES;
				PRODUCT_BUNDLE_IDENTIFIER = com.missionintegratedsystems.pipefab;
				PRODUCT_NAME = "$(TARGET_NAME)";
				SDKROOT = iphoneos;
				SWIFT_ACTIVE_COMPILATION_CONDITIONS = "DEBUG $(inherited)";
				SWIFT_EMIT_LOC_STRINGS = YES;
				SWIFT_OPTIMIZATION_LEVEL = "-Onone";
				SWIFT_VERSION = 5.0;
				TARGETED_DEVICE_FAMILY = "1,2";
			};
			name = Debug;
		};
		603 /* Release */ = {
			isa = XCBuildConfiguration;
			buildSettings = {
				ALWAYS_SEARCH_USER_PATHS = NO;
				ASSETCATALOG_COMPILER_APPICON_NAME = AppIcon;
				ASSETCATALOG_COMPILER_GLOBAL_ACCENT_COLOR_NAME = AccentColor;
				CLANG_ANALYZER_NONNULL = YES;
				CLANG_ANALYZER_NUMBER_OBJECT_CONVERSION = YES_AGGRESSIVE;
				CLANG_CXX_LANGUAGE_STANDARD = "gnu++20";
				CLANG_ENABLE_MODULES = YES;
				CLANG_ENABLE_OBJC_ARC = YES;
				CLANG_ENABLE_OBJC_WEAK = YES;
				CLANG_WARN_BLOCK_CAPTURE_AUTORELEASING = YES;
				CLANG_WARN_BOOL_CONVERSION = YES;
				CLANG_WARN_COMMA = YES;
				CLANG_WARN_CONSTANT_CONVERSION = YES;
				CLANG_WARN_DEPRECATED_OBJC_IMPLEMENTATIONS = YES;
				CLANG_WARN_DIRECT_OBJC_ISA_USAGE = YES_ERROR;
				CLANG_WARN_DOCUMENTATION_COMMENTS = YES;
				CLANG_WARN_EMPTY_BODY = YES;
				CLANG_WARN_ENUM_CONVERSION = YES;
				CLANG_WARN_INFINITE_RECURSION = YES;
				CLANG_WARN_INT_CONVERSION = YES;
				CLANG_WARN_NON_LITERAL_NULL_CONVERSION = YES;
				CLANG_WARN_OBJC_IMPLICIT_RETAIN_SELF = YES;
				CLANG_WARN_OBJC_LITERAL_CONVERSION = YES;
				CLANG_WARN_OBJC_ROOT_CLASS = YES_ERROR;
				CLANG_WARN_QUOTED_INCLUDE_IN_FRAMEWORK_HEADER = YES;
				CLANG_WARN_RANGE_LOOP_ANALYSIS = YES;
				CLANG_WARN_STRICT_PROTOTYPES = YES;
				CLANG_WARN_SUSPICIOUS_MOVE = YES;
				CLANG_WARN_UNGUARDED_AVAILABILITY = YES_AGGRESSIVE;
				CLANG_WARN_UNREACHABLE_CODE = YES;
				CLANG_WARN__DUPLICATE_METHOD_MATCH = YES;
				CODE_SIGN_STYLE = Automatic;
				COPY_PHASE_STRIP = NO;
				CURRENT_PROJECT_VERSION = 2;
				DEBUG_INFORMATION_FORMAT = "dwarf-with-dsym";
				DEVELOPMENT_TEAM = JVQ9659L8L;
				ENABLE_NS_ASSERTIONS = NO;
				ENABLE_STRICT_OBJC_MSGSEND = YES;
				ENABLE_USER_SCRIPT_SANDBOXING = YES;
				GCC_C_LANGUAGE_STANDARD = gnu17;
				GCC_NO_COMMON_BLOCKS = YES;
				GCC_WARN_64_TO_32_BIT_CONVERSION = YES;
				GCC_WARN_ABOUT_RETURN_TYPE = YES_ERROR;
				GCC_WARN_UNDECLARED_SELECTOR = YES;
				GCC_WARN_UNINITIALIZED_AUTOS = YES_AGGRESSIVE;
				GCC_WARN_UNUSED_FUNCTION = YES;
				GCC_WARN_UNUSED_VARIABLE = YES;
				GENERATE_INFOPLIST_FILE = YES;
				INFOPLIST_FILE = PipeFabAR/Info.plist;
				INFOPLIST_KEY_CFBundleDisplayName = "PipeFab AR";
				INFOPLIST_KEY_LSApplicationCategoryType = "public.app-category.business";
				INFOPLIST_KEY_NSCameraUsageDescription = "This app uses AR to visualize pipe routing in 3D space.";
				INFOPLIST_KEY_UIApplicationSupportsIndirectInputEvents = YES;
				INFOPLIST_KEY_UIRequiredDeviceCapabilities = armv7;
				INFOPLIST_KEY_UIRequiresFullScreen = YES;
				INFOPLIST_KEY_UISupportedInterfaceOrientations = "UIInterfaceOrientationPortrait UIInterfaceOrientationLandscapeLeft UIInterfaceOrientationLandscapeRight";
				INFOPLIST_KEY_UISupportedInterfaceOrientations_iPad = "UIInterfaceOrientationPortrait UIInterfaceOrientationPortraitUpsideDown UIInterfaceOrientationLandscapeLeft UIInterfaceOrientationLandscapeRight";
				IPHONEOS_DEPLOYMENT_TARGET = 17.0;
				LD_RUNPATH_SEARCH_PATHS = (
					"$(inherited)",
					"@executable_path/Frameworks",
				);
				LOCALIZATION_PREFERS_STRING_CATALOGS = YES;
				MARKETING_VERSION = 1.1;
				MTL_ENABLE_DEBUG_INFO = NO;
				MTL_FAST_MATH = YES;
				PRODUCT_BUNDLE_IDENTIFIER = com.missionintegratedsystems.pipefab;
				PRODUCT_NAME = "$(TARGET_NAME)";
				SDKROOT = iphoneos;
				SWIFT_COMPILATION_MODE = wholemodule;
				SWIFT_EMIT_LOC_STRINGS = YES;
				SWIFT_VERSION = 5.0;
				TARGETED_DEVICE_FAMILY = "1,2";
				VALIDATE_PRODUCT = YES;
			};
			name = Release;
		};
/* End XCBuildConfiguration section */

/* Begin XCConfigurationList section */
		600 /* Build configuration list for PBXNativeTarget "PipeFabAR" */ = {
			isa = XCConfigurationList;
			buildConfigurations = (
				602 /* Debug */,
				603 /* Release */,
			);
			defaultConfigurationIsVisible = 0;
			defaultConfigurationName = Release;
		};
		601 /* Build configuration list for PBXProject "PipeFabAR" */ = {
			isa = XCConfigurationList;
			buildConfigurations = (
				602 /* Debug */,
				603 /* Release */,
			);
			defaultConfigurationIsVisible = 0;
			defaultConfigurationName = Release;
		};
/* End XCConfigurationList section */
	};
	rootObject = 1 /* Project object */;
}
